// !$*UTF8*$!
{
	archiveVersion = 1;
	classes = {
	};
	objectVersion = 46;
	objects = {

/* Begin PBXBuildFile section */
		D14E20B11AE144A70071E197 /* main.m in Sources */ = {isa = PBXBuildFile; fileRef = D14E20B01AE144A70071E197 /* main.m */; };
		D14E20B41AE144A70071E197 /* AppDelegate.m in Sources */ = {isa = PBXBuildFile; fileRef = D14E20B31AE144A70071E197 /* AppDelegate.m */; };
		D14E20B71AE144A70071E197 /* Table_Conti.xcdatamodeld in Sources */ = {isa = PBXBuildFile; fileRef = D14E20B51AE144A70071E197 /* Table_Conti.xcdatamodeld */; };
		D14E20BA1AE144A70071E197 /* Table01.m in Sources */ = {isa = PBXBuildFile; fileRef = D14E20B91AE144A70071E197 /* Table01.m */; };
		D14E20BD1AE144A70071E197 /* Main.storyboard in Resources */ = {isa = PBXBuildFile; fileRef = D14E20BB1AE144A70071E197 /* Main.storyboard */; };
		D14E20BF1AE144A70071E197 /* Images.xcassets in Resources */ = {isa = PBXBuildFile; fileRef = D14E20BE1AE144A70071E197 /* Images.xcassets */; };
		D14E20C21AE144A70071E197 /* LaunchScreen.xib in Resources */ = {isa = PBXBuildFile; fileRef = D14E20C01AE144A70071E197 /* LaunchScreen.xib */; };
		D14E20CE1AE144A70071E197 /* Table_ContiTests.m in Sources */ = {isa = PBXBuildFile; fileRef = D14E20CD1AE144A70071E197 /* Table_ContiTests.m */; };
		D14E20DB1AE147890071E197 /* cellGames.m in Sources */ = {isa = PBXBuildFile; fileRef = D14E20DA1AE147890071E197 /* cellGames.m */; };
		D14E20E21AE15BD30071E197 /* edna.png in Resources */ = {isa = PBXBuildFile; fileRef = D14E20DD1AE15BD30071E197 /* edna.png */; };
		D14E20E31AE15BD30071E197 /* lisa.png in Resources */ = {isa = PBXBuildFile; fileRef = D14E20DE1AE15BD30071E197 /* lisa.png */; };
		D14E20E41AE15BD30071E197 /* marge.png in Resources */ = {isa = PBXBuildFile; fileRef = D14E20DF1AE15BD30071E197 /* marge.png */; };
		D14E20E51AE15BD30071E197 /* maude.png in Resources */ = {isa = PBXBuildFile; fileRef = D14E20E01AE15BD30071E197 /* maude.png */; };
		D14E20E61AE15BD30071E197 /* patty.png in Resources */ = {isa = PBXBuildFile; fileRef = D14E20E11AE15BD30071E197 /* patty.png */; };
/* End PBXBuildFile section */

/* Begin PBXContainerItemProxy section */
		D14E20C81AE144A70071E197 /* PBXContainerItemProxy */ = {
			isa = PBXContainerItemProxy;
			containerPortal = D14E20A31AE144A70071E197 /* Project object */;
			proxyType = 1;
			remoteGlobalIDString = D14E20AA1AE144A70071E197;
			remoteInfo = "Table-Conti";
		};
/* End PBXContainerItemProxy section */

/* Begin PBXFileReference section */
		D14E20AB1AE144A70071E197 /* Table-Conti.app */ = {isa = PBXFileReference; explicitFileType = wrapper.application; includeInIndex = 0; path = "Table-Conti.app"; sourceTree = BUILT_PRODUCTS_DIR; };
		D14E20AF1AE144A70071E197 /* Info.plist */ = {isa = PBXFileReference; lastKnownFileType = text.plist.xml; path = Info.plist; sourceTree = "<group>"; };
		D14E20B01AE144A70071E197 /* main.m */ = {isa = PBXFileReference; lastKnownFileType = sourcecode.c.objc; path = main.m; sourceTree = "<group>"; };
		D14E20B21AE144A70071E197 /* AppDelegate.h */ = {isa = PBXFileReference; lastKnownFileType = sourcecode.c.h; path = AppDelegate.h; sourceTree = "<group>"; };
		D14E20B31AE144A70071E197 /* AppDelegate.m */ = {isa = PBXFileReference; lastKnownFileType = sourcecode.c.objc; path = AppDelegate.m; sourceTree = "<group>"; };
		D14E20B61AE144A70071E197 /* Table_Conti.xcdatamodel */ = {isa = PBXFileReference; lastKnownFileType = wrapper.xcdatamodel; path = Table_Conti.xcdatamodel; sourceTree = "<group>"; };
		D14E20B81AE144A70071E197 /* Table01.h */ = {isa = PBXFileReference; lastKnownFileType = sourcecode.c.h; path = Table01.h; sourceTree = "<group>"; };
		D14E20B91AE144A70071E197 /* Table01.m */ = {isa = PBXFileReference; lastKnownFileType = sourcecode.c.objc; path = Table01.m; sourceTree = "<group>"; };
		D14E20BC1AE144A70071E197 /* Base */ = {isa = PBXFileReference; lastKnownFileType = file.storyboard; name = Base; path = Base.lproj/Main.storyboard; sourceTree = "<group>"; };
		D14E20BE1AE144A70071E197 /* Images.xcassets */ = {isa = PBXFileReference; lastKnownFileType = folder.assetcatalog; path = Images.xcassets; sourceTree = "<group>"; };
		D14E20C11AE144A70071E197 /* Base */ = {isa = PBXFileReference; lastKnownFileType = file.xib; name = Base; path = Base.lproj/LaunchScreen.xib; sourceTree = "<group>"; };
		D14E20C71AE144A70071E197 /* Table-ContiTests.xctest */ = {isa = PBXFileReference; explicitFileType = wrapper.cfbundle; includeInIndex = 0; path = "Table-ContiTests.xctest"; sourceTree = BUILT_PRODUCTS_DIR; };
		D14E20CC1AE144A70071E197 /* Info.plist */ = {isa = PBXFileReference; lastKnownFileType = text.plist.xml; path = Info.plist; sourceTree = "<group>"; };
		D14E20CD1AE144A70071E197 /* Table_ContiTests.m */ = {isa = PBXFileReference; lastKnownFileType = sourcecode.c.objc; path = Table_ContiTests.m; sourceTree = "<group>"; };
		D14E20D91AE147890071E197 /* cellGames.h */ = {isa = PBXFileReference; fileEncoding = 4; lastKnownFileType = sourcecode.c.h; path = cellGames.h; sourceTree = "<group>"; };
		D14E20DA1AE147890071E197 /* cellGames.m */ = {isa = PBXFileReference; fileEncoding = 4; lastKnownFileType = sourcecode.c.objc; path = cellGames.m; sourceTree = "<group>"; };
		D14E20DD1AE15BD30071E197 /* edna.png */ = {isa = PBXFileReference; lastKnownFileType = image.png; path = edna.png; sourceTree = "<group>"; };
		D14E20DE1AE15BD30071E197 /* lisa.png */ = {isa = PBXFileReference; lastKnownFileType = image.png; path = lisa.png; sourceTree = "<group>"; };
		D14E20DF1AE15BD30071E197 /* marge.png */ = {isa = PBXFileReference; lastKnownFileType = image.png; path = marge.png; sourceTree = "<group>"; };
		D14E20E01AE15BD30071E197 /* maude.png */ = {isa = PBXFileReference; lastKnownFileType = image.png; path = maude.png; sourceTree = "<group>"; };
		D14E20E11AE15BD30071E197 /* patty.png */ = {isa = PBXFileReference; lastKnownFileType = image.png; path = patty.png; sourceTree = "<group>"; };
/* End PBXFileReference section */

/* Begin PBXFrameworksBuildPhase section */
		D14E20A81AE144A70071E197 /* Frameworks */ = {
			isa = PBXFrameworksBuildPhase;
			buildActionMask = 2147483647;
			files = (
			);
			runOnlyForDeploymentPostprocessing = 0;
		};
		D14E20C41AE144A70071E197 /* Frameworks */ = {
			isa = PBXFrameworksBuildPhase;
			buildActionMask = 2147483647;
			files = (
			);
			runOnlyForDeploymentPostprocessing = 0;
		};
/* End PBXFrameworksBuildPhase section */

/* Begin PBXGroup section */
		D14E20A21AE144A70071E197 = {
			isa = PBXGroup;
			children = (
				D14E20AD1AE144A70071E197 /* Table-Conti */,
				D14E20CA1AE144A70071E197 /* Table-ContiTests */,
				D14E20AC1AE144A70071E197 /* Products */,
			);
			sourceTree = "<group>";
		};
		D14E20AC1AE144A70071E197 /* Products */ = {
			isa = PBXGroup;
			children = (
				D14E20AB1AE144A70071E197 /* Table-Conti.app */,
				D14E20C71AE144A70071E197 /* Table-ContiTests.xctest */,
			);
			name = Products;
			sourceTree = "<group>";
		};
		D14E20AD1AE144A70071E197 /* Table-Conti */ = {
			isa = PBXGroup;
			children = (
				D14E20DC1AE15BD30071E197 /* imgs */,
				D14E20D81AE147490071E197 /* Customized */,
				D14E20D71AE1473B0071E197 /* Controllers */,
				D14E20B21AE144A70071E197 /* AppDelegate.h */,
				D14E20B31AE144A70071E197 /* AppDelegate.m */,
				D14E20BB1AE144A70071E197 /* Main.storyboard */,
				D14E20BE1AE144A70071E197 /* Images.xcassets */,
				D14E20C01AE144A70071E197 /* LaunchScreen.xib */,
				D14E20B51AE144A70071E197 /* Table_Conti.xcdatamodeld */,
				D14E20AE1AE144A70071E197 /* Supporting Files */,
			);
			path = "Table-Conti";
			sourceTree = "<group>";
		};
		D14E20AE1AE144A70071E197 /* Supporting Files */ = {
			isa = PBXGroup;
			children = (
				D14E20AF1AE144A70071E197 /* Info.plist */,
				D14E20B01AE144A70071E197 /* main.m */,
			);
			name = "Supporting Files";
			sourceTree = "<group>";
		};
		D14E20CA1AE144A70071E197 /* Table-ContiTests */ = {
			isa = PBXGroup;
			children = (
				D14E20CD1AE144A70071E197 /* Table_ContiTests.m */,
				D14E20CB1AE144A70071E197 /* Supporting Files */,
			);
			path = "Table-ContiTests";
			sourceTree = "<group>";
		};
		D14E20CB1AE144A70071E197 /* Supporting Files */ = {
			isa = PBXGroup;
			children = (
				D14E20CC1AE144A70071E197 /* Info.plist */,
			);
			name = "Supporting Files";
			sourceTree = "<group>";
		};
		D14E20D71AE1473B0071E197 /* Controllers */ = {
			isa = PBXGroup;
			children = (
				D14E20B81AE144A70071E197 /* Table01.h */,
				D14E20B91AE144A70071E197 /* Table01.m */,
			);
			name = Controllers;
			sourceTree = "<group>";
		};
		D14E20D81AE147490071E197 /* Customized */ = {
			isa = PBXGroup;
			children = (
				D14E20D91AE147890071E197 /* cellGames.h */,
				D14E20DA1AE147890071E197 /* cellGames.m */,
			);
			name = Customized;
			sourceTree = "<group>";
		};
		D14E20DC1AE15BD30071E197 /* imgs */ = {
			isa = PBXGroup;
			children = (
				D14E20DD1AE15BD30071E197 /* edna.png */,
				D14E20DE1AE15BD30071E197 /* lisa.png */,
				D14E20DF1AE15BD30071E197 /* marge.png */,
				D14E20E01AE15BD30071E197 /* maude.png */,
				D14E20E11AE15BD30071E197 /* patty.png */,
			);
			path = imgs;
			sourceTree = "<group>";
		};
/* End PBXGroup section */

/* Begin PBXNativeTarget section */
		D14E20AA1AE144A70071E197 /* Table-Conti */ = {
			isa = PBXNativeTarget;
			buildConfigurationList = D14E20D11AE144A70071E197 /* Build configuration list for PBXNativeTarget "Table-Conti" */;
			buildPhases = (
				D14E20A71AE144A70071E197 /* Sources */,
				D14E20A81AE144A70071E197 /* Frameworks */,
				D14E20A91AE144A70071E197 /* Resources */,
			);
			buildRules = (
			);
			dependencies = (
			);
			name = "Table-Conti";
			productName = "Table-Conti";
			productReference = D14E20AB1AE144A70071E197 /* Table-Conti.app */;
			productType = "com.apple.product-type.application";
		};
		D14E20C61AE144A70071E197 /* Table-ContiTests */ = {
			isa = PBXNativeTarget;
			buildConfigurationList = D14E20D41AE144A70071E197 /* Build configuration list for PBXNativeTarget "Table-ContiTests" */;
			buildPhases = (
				D14E20C31AE144A70071E197 /* Sources */,
				D14E20C41AE144A70071E197 /* Frameworks */,
				D14E20C51AE144A70071E197 /* Resources */,
			);
			buildRules = (
			);
			dependencies = (
				D14E20C91AE144A70071E197 /* PBXTargetDependency */,
			);
			name = "Table-ContiTests";
			productName = "Table-ContiTests";
			productReference = D14E20C71AE144A70071E197 /* Table-ContiTests.xctest */;
			productType = "com.apple.product-type.bundle.unit-test";
		};
/* End PBXNativeTarget section */

/* Begin PBXProject section */
		D14E20A31AE144A70071E197 /* Project object */ = {
			isa = PBXProject;
			attributes = {
				LastUpgradeCheck = 0630;
				ORGANIZATIONNAME = Smartplace;
				TargetAttributes = {
					D14E20AA1AE144A70071E197 = {
						CreatedOnToolsVersion = 6.3;
					};
					D14E20C61AE144A70071E197 = {
						CreatedOnToolsVersion = 6.3;
						TestTargetID = D14E20AA1AE144A70071E197;
					};
				};
			};
			buildConfigurationList = D14E20A61AE144A70071E197 /* Build configuration list for PBXProject "Table-Conti" */;
			compatibilityVersion = "Xcode 3.2";
			developmentRegion = English;
			hasScannedForEncodings = 0;
			knownRegions = (
				en,
				Base,
			);
			mainGroup = D14E20A21AE144A70071E197;
			productRefGroup = D14E20AC1AE144A70071E197 /* Products */;
			projectDirPath = "";
			projectRoot = "";
			targets = (
				D14E20AA1AE144A70071E197 /* Table-Conti */,
				D14E20C61AE144A70071E197 /* Table-ContiTests */,
			);
		};
/* End PBXProject section */

/* Begin PBXResourcesBuildPhase section */
		D14E20A91AE144A70071E197 /* Resources */ = {
			isa = PBXResourcesBuildPhase;
			buildActionMask = 2147483647;
			files = (
				D14E20E41AE15BD30071E197 /* marge.png in Resources */,
				D14E20BD1AE144A70071E197 /* Main.storyboard in Resources */,
				D14E20E31AE15BD30071E197 /* lisa.png in Resources */,
				D14E20C21AE144A70071E197 /* LaunchScreen.xib in Resources */,
				D14E20BF1AE144A70071E197 /* Images.xcassets in Resources */,
				D14E20E21AE15BD30071E197 /* edna.png in Resources */,
				D14E20E61AE15BD30071E197 /* patty.png in Resources */,
				D14E20E51AE15BD30071E197 /* maude.png in Resources */,
			);
			runOnlyForDeploymentPostprocessing = 0;
		};
		D14E20C51AE144A70071E197 /* Resources */ = {
			isa = PBXResourcesBuildPhase;
			buildActionMask = 2147483647;
			files = (
			);
			runOnlyForDeploymentPostprocessing = 0;
		};
/* End PBXResourcesBuildPhase section */

/* Begin PBXSourcesBuildPhase section */
		D14E20A71AE144A70071E197 /* Sources */ = {
			isa = PBXSourcesBuildPhase;
			buildActionMask = 2147483647;
			files = (
				D14E20B71AE144A70071E197 /* Table_Conti.xcdatamodeld in Sources */,
				D14E20B41AE144A70071E197 /* AppDelegate.m in Sources */,
				D14E20BA1AE144A70071E197 /* Table01.m in Sources */,
				D14E20DB1AE147890071E197 /* cellGames.m in Sources */,
				D14E20B11AE144A70071E197 /* main.m in Sources */,
			);
			runOnlyForDeploymentPostprocessing = 0;
		};
		D14E20C31AE144A70071E197 /* Sources */ = {
			isa = PBXSourcesBuildPhase;
			buildActionMask = 2147483647;
			files = (
				D14E20CE1AE144A70071E197 /* Table_ContiTests.m in Sources */,
			);
			runOnlyForDeploymentPostprocessing = 0;
		};
/* End PBXSourcesBuildPhase section */

/* Begin PBXTargetDependency section */
		D14E20C91AE144A70071E197 /* PBXTargetDependency */ = {
			isa = PBXTargetDependency;
			target = D14E20AA1AE144A70071E197 /* Table-Conti */;
			targetProxy = D14E20C81AE144A70071E197 /* PBXContainerItemProxy */;
		};
/* End PBXTargetDependency section */

/* Begin PBXVariantGroup section */
		D14E20BB1AE144A70071E197 /* Main.storyboard */ = {
			isa = PBXVariantGroup;
			children = (
				D14E20BC1AE144A70071E197 /* Base */,
			);
			name = Main.storyboard;
			sourceTree = "<group>";
		};
		D14E20C01AE144A70071E197 /* LaunchScreen.xib */ = {
			isa = PBXVariantGroup;
			children = (
				D14E20C11AE144A70071E197 /* Base */,
			);
			name = LaunchScreen.xib;
			sourceTree = "<group>";
		};
/* End PBXVariantGroup section */

/* Begin XCBuildConfiguration section */
		D14E20CF1AE144A70071E197 /* Debug */ = {
			isa = XCBuildConfiguration;
			buildSettings = {
				ALWAYS_SEARCH_USER_PATHS = NO;
				CLANG_CXX_LANGUAGE_STANDARD = "gnu++0x";
				CLANG_CXX_LIBRARY = "libc++";
				CLANG_ENABLE_MODULES = YES;
				CLANG_ENABLE_OBJC_ARC = YES;
				CLANG_WARN_BOOL_CONVERSION = YES;
				CLANG_WARN_CONSTANT_CONVERSION = YES;
				CLANG_WARN_DIRECT_OBJC_ISA_USAGE = YES_ERROR;
				CLANG_WARN_EMPTY_BODY = YES;
				CLANG_WARN_ENUM_CONVERSION = YES;
				CLANG_WARN_INT_CONVERSION = YES;
				CLANG_WARN_OBJC_ROOT_CLASS = YES_ERROR;
				CLANG_WARN_UNREACHABLE_CODE = YES;
				CLANG_WARN__DUPLICATE_METHOD_MATCH = YES;
				"CODE_SIGN_IDENTITY[sdk=iphoneos*]" = "iPhone Developer";
				COPY_PHASE_STRIP = NO;
				DEBUG_INFORMATION_FORMAT = "dwarf-with-dsym";
				ENABLE_STRICT_OBJC_MSGSEND = YES;
				GCC_C_LANGUAGE_STANDARD = gnu99;
				GCC_DYNAMIC_NO_PIC = NO;
				GCC_NO_COMMON_BLOCKS = YES;
				GCC_OPTIMIZATION_LEVEL = 0;
				GCC_PREPROCESSOR_DEFINITIONS = (
					"DEBUG=1",
					"$(inherited)",
				);
				GCC_SYMBOLS_PRIVATE_EXTERN = NO;
				GCC_WARN_64_TO_32_BIT_CONVERSION = YES;
				GCC_WARN_ABOUT_RETURN_TYPE = YES_ERROR;
				GCC_WARN_UNDECLARED_SELECTOR = YES;
				GCC_WARN_UNINITIALIZED_AUTOS = YES_AGGRESSIVE;
				GCC_WARN_UNUSED_FUNCTION = YES;
				GCC_WARN_UNUSED_VARIABLE = YES;
				IPHONEOS_DEPLOYMENT_TARGET = 8.3;
				MTL_ENABLE_DEBUG_INFO = YES;
				ONLY_ACTIVE_ARCH = YES;
				SDKROOT = iphoneos;
			};
			name = Debug;
		};
		D14E20D01AE144A70071E197 /* Release */ = {
			isa = XCBuildConfiguration;
			buildSettings = {
				ALWAYS_SEARCH_USER_PATHS = NO;
				CLANG_CXX_LANGUAGE_STANDARD = "gnu++0x";
				CLANG_CXX_LIBRARY = "libc++";
				CLANG_ENABLE_MODULES = YES;
				CLANG_ENABLE_OBJC_ARC = YES;
				CLANG_WARN_BOOL_CONVERSION = YES;
				CLANG_WARN_CONSTANT_CONVERSION = YES;
				CLANG_WARN_DIRECT_OBJC_ISA_USAGE = YES_ERROR;
				CLANG_WARN_EMPTY_BODY = YES;
				CLANG_WARN_ENUM_CONVERSION = YES;
				CLANG_WARN_INT_CONVERSION = YES;
				CLANG_WARN_OBJC_ROOT_CLASS = YES_ERROR;
				CLANG_WARN_UNREACHABLE_CODE = YES;
				CLANG_WARN__DUPLICATE_METHOD_MATCH = YES;
				"CODE_SIGN_IDENTITY[sdk=iphoneos*]" = "iPhone Developer";
				COPY_PHASE_STRIP = NO;
				DEBUG_INFORMATION_FORMAT = "dwarf-with-dsym";
				ENABLE_NS_ASSERTIONS = NO;
				ENABLE_STRICT_OBJC_MSGSEND = YES;
				GCC_C_LANGUAGE_STANDARD = gnu99;
				GCC_NO_COMMON_BLOCKS = YES;
				GCC_WARN_64_TO_32_BIT_CONVERSION = YES;
				GCC_WARN_ABOUT_RETURN_TYPE = YES_ERROR;
				GCC_WARN_UNDECLARED_SELECTOR = YES;
				GCC_WARN_UNINITIALIZED_AUTOS = YES_AGGRESSIVE;
				GCC_WARN_UNUSED_FUNCTION = YES;
				GCC_WARN_UNUSED_VARIABLE = YES;
				IPHONEOS_DEPLOYMENT_TARGET = 8.3;
				MTL_ENABLE_DEBUG_INFO = NO;
				SDKROOT = iphoneos;
				VALIDATE_PRODUCT = YES;
			};
			name = Release;
		};
		D14E20D21AE144A70071E197 /* Debug */ = {
			isa = XCBuildConfiguration;
			buildSettings = {
				ASSETCATALOG_COMPILER_APPICON_NAME = AppIcon;
				INFOPLIST_FILE = "Table-Conti/Info.plist";
				LD_RUNPATH_SEARCH_PATHS = "$(inherited) @executable_path/Frameworks";
				PRODUCT_NAME = "$(TARGET_NAME)";
			};
			name = Debug;
		};
		D14E20D31AE144A70071E197 /* Release */ = {
			isa = XCBuildConfiguration;
			buildSettings = {
				ASSETCATALOG_COMPILER_APPICON_NAME = AppIcon;
				INFOPLIST_FILE = "Table-Conti/Info.plist";
				LD_RUNPATH_SEARCH_PATHS = "$(inherited) @executable_path/Frameworks";
				PRODUCT_NAME = "$(TARGET_NAME)";
			};
			name = Release;
		};
		D14E20D51AE144A70071E197 /* Debug */ = {
			isa = XCBuildConfiguration;
			buildSettings = {
				BUNDLE_LOADER = "$(TEST_HOST)";
				FRAMEWORK_SEARCH_PATHS = (
					"$(SDKROOT)/Developer/Library/Frameworks",
					"$(inherited)",
				);
				GCC_PREPROCESSOR_DEFINITIONS = (
					"DEBUG=1",
					"$(inherited)",
				);
				INFOPLIST_FILE = "Table-ContiTests/Info.plist";
				LD_RUNPATH_SEARCH_PATHS = "$(inherited) @executable_path/Frameworks @loader_path/Frameworks";
				PRODUCT_NAME = "$(TARGET_NAME)";
				TEST_HOST = "$(BUILT_PRODUCTS_DIR)/Table-Conti.app/Table-Conti";
			};
			name = Debug;
		};
		D14E20D61AE144A70071E197 /* Release */ = {
			isa = XCBuildConfiguration;
			buildSettings = {
				BUNDLE_LOADER = "$(TEST_HOST)";
				FRAMEWORK_SEARCH_PATHS = (
					"$(SDKROOT)/Developer/Library/Frameworks",
					"$(inherited)",
				);
				INFOPLIST_FILE = "Table-ContiTests/Info.plist";
				LD_RUNPATH_SEARCH_PATHS = "$(inherited) @executable_path/Frameworks @loader_path/Frameworks";
				PRODUCT_NAME = "$(TARGET_NAME)";
				TEST_HOST = "$(BUILT_PRODUCTS_DIR)/Table-Conti.app/Table-Conti";
			};
			name = Release;
		};
/* End XCBuildConfiguration section */

/* Begin XCConfigurationList section */
		D14E20A61AE144A70071E197 /* Build configuration list for PBXProject "Table-Conti" */ = {
			isa = XCConfigurationList;
			buildConfigurations = (
				D14E20CF1AE144A70071E197 /* Debug */,
				D14E20D01AE144A70071E197 /* Release */,
			);
			defaultConfigurationIsVisible = 0;
			defaultConfigurationName = Release;
		};
		D14E20D11AE144A70071E197 /* Build configuration list for PBXNativeTarget "Table-Conti" */ = {
			isa = XCConfigurationList;
			buildConfigurations = (
				D14E20D21AE144A70071E197 /* Debug */,
				D14E20D31AE144A70071E197 /* Release */,
			);
			defaultConfigurationIsVisible = 0;
		};
		D14E20D41AE144A70071E197 /* Build configuration list for PBXNativeTarget "Table-ContiTests" */ = {
			isa = XCConfigurationList;
			buildConfigurations = (
				D14E20D51AE144A70071E197 /* Debug */,
				D14E20D61AE144A70071E197 /* Release */,
			);
			defaultConfigurationIsVisible = 0;
		};
/* End XCConfigurationList section */

/* Begin XCVersionGroup section */
		D14E20B51AE144A70071E197 /* Table_Conti.xcdatamodeld */ = {
			isa = XCVersionGroup;
			children = (
				D14E20B61AE144A70071E197 /* Table_Conti.xcdatamodel */,
			);
			currentVersion = D14E20B61AE144A70071E197 /* Table_Conti.xcdatamodel */;
			path = Table_Conti.xcdatamodeld;
			sourceTree = "<group>";
			versionGroupType = wrapper.xcdatamodel;
		};
/* End XCVersionGroup section */
	};
	rootObject = D14E20A31AE144A70071E197 /* Project object */;
}
